
Microsoft Visual Studio Solution File, Format Version 12.00
# Visual Studio Version 17
VisualStudioVersion = 17.14.36811.4
MinimumVisualStudioVersion = 10.0.40219.1
Project("{FAE04EC0-301F-11D3-BF4B-00C04F79EFBC}") = "Api", "Api.csproj", "{464113DD-2473-41F4-B020-5703F41595B3}"
EndProject
Project("{FAE04EC0-301F-11D3-BF4B-00C04F79EFBC}") = "Comun", "..\oftic.cl\Comun.csproj", "{A8A5E102-CD8C-4108-B2F1-3E45FCD6AC88}"
EndProject
Project("{FAE04EC0-301F-11D3-BF4B-00C04F79EFBC}") = "Negocio", "..\oftic.bl\Negocio.csproj", "{4C8D7E57-7E50-4CA6-8110-43CB5CA8D61B}"
EndProject
Project("{FAE04EC0-301F-11D3-BF4B-00C04F79EFBC}") = "Datos", "..\oftic.dl\Datos.csproj", "{2A05788F-1A4D-4BAA-8AF9-AFF561D1EE97}"
EndProject
Project("{FAE04EC0-301F-11D3-BF4B-00C04F79EFBC}") = "Servicios", "..\oftic.sl\Servicios.csproj", "{5863AF86-7E61-45F9-82CA-92360D965270}"
EndProject
Project("{2150E333-8FDC-42A3-9474-1A3956D46DE8}") = "1.0 UL", "1.0 UL", "{02EA681E-C7D8-13C7-8484-4AC65E1B71E8}"
EndProject
Project("{2150E333-8FDC-42A3-9474-1A3956D46DE8}") = "2.0 BL", "2.0 BL", "{E7790A76-D72A-43D6-AE89-FD0052B5F83B}"
EndProject
Project("{2150E333-8FDC-42A3-9474-1A3956D46DE8}") = "3.0 DL", "3.0 DL", "{262C8092-2CB0-4529-BBDA-A7041653CBC8}"
EndProject
Project("{2150E333-8FDC-42A3-9474-1A3956D46DE8}") = "4.0 CL", "4.0 CL", "{2C4AE749-CA1B-4EA5-AAC6-9110CA4D8CDE}"
EndProject
Project("{2150E333-8FDC-42A3-9474-1A3956D46DE8}") = "5.0 SL", "5.0 SL", "{1CCE964D-DCD7-4634-A433-C39D80B076B3}"
EndProject
Global
	GlobalSection(SolutionConfigurationPlatforms) = preSolution
		Debug|Any CPU = Debug|Any CPU
		Release|Any CPU = Release|Any CPU
	EndGlobalSection
	GlobalSection(ProjectConfigurationPlatforms) = postSolution
		{464113DD-2473-41F4-B020-5703F41595B3}.Debug|Any CPU.ActiveCfg = Debug|Any CPU
		{464113DD-2473-41F4-B020-5703F41595B3}.Debug|Any CPU.Build.0 = Debug|Any CPU
		{464113DD-2473-41F4-B020-5703F41595B3}.Release|Any CPU.ActiveCfg = Release|Any CPU
		{464113DD-2473-41F4-B020-5703F41595B3}.Release|Any CPU.Build.0 = Release|Any CPU
		{A8A5E102-CD8C-4108-B2F1-3E45FCD6AC88}.Debug|Any CPU.ActiveCfg = Debug|Any CPU
		{A8A5E102-CD8C-4108-B2F1-3E45FCD6AC88}.Debug|Any CPU.Build.0 = Debug|Any CPU
		{A8A5E102-CD8C-4108-B2F1-3E45FCD6AC88}.Release|Any CPU.ActiveCfg = Release|Any CPU
		{A8A5E102-CD8C-4108-B2F1-3E45FCD6AC88}.Release|Any CPU.Build.0 = Release|Any CPU
		{4C8D7E57-7E50-4CA6-8110-43CB5CA8D61B}.Debug|Any CPU.ActiveCfg = Debug|Any CPU
		{4C8D7E57-7E50-4CA6-8110-43CB5CA8D61B}.Debug|Any CPU.Build.0 = Debug|Any CPU
		{4C8D7E57-7E50-4CA6-8110-43CB5CA8D61B}.Release|Any CPU.ActiveCfg = Release|Any CPU
		{4C8D7E57-7E50-4CA6-8110-43CB5CA8D61B}.Release|Any CPU.Build.0 = Release|Any CPU
		{2A05788F-1A4D-4BAA-8AF9-AFF561D1EE97}.Debug|Any CPU.ActiveCfg = Debug|Any CPU
		{2A05788F-1A4D-4BAA-8AF9-AFF561D1EE97}.Debug|Any CPU.Build.0 = Debug|Any CPU
		{2A05788F-1A4D-4BAA-8AF9-AFF561D1EE97}.Release|Any CPU.ActiveCfg = Release|Any CPU
		{2A05788F-1A4D-4BAA-8AF9-AFF561D1EE97}.Release|Any CPU.Build.0 = Release|Any CPU
		{5863AF86-7E61-45F9-82CA-92360D965270}.Debug|Any CPU.ActiveCfg = Debug|Any CPU
		{5863AF86-7E61-45F9-82CA-92360D965270}.Debug|Any CPU.Build.0 = Debug|Any CPU
		{5863AF86-7E61-45F9-82CA-92360D965270}.Release|Any CPU.ActiveCfg = Release|Any CPU
		{5863AF86-7E61-45F9-82CA-92360D965270}.Release|Any CPU.Build.0 = Release|Any CPU
	EndGlobalSection
	GlobalSection(SolutionProperties) = preSolution
		HideSolutionNode = FALSE
	EndGlobalSection
	GlobalSection(NestedProjects) = preSolution
		{464113DD-2473-41F4-B020-5703F41595B3} = {02EA681E-C7D8-13C7-8484-4AC65E1B71E8}
		{A8A5E102-CD8C-4108-B2F1-3E45FCD6AC88} = {2C4AE749-CA1B-4EA5-AAC6-9110CA4D8CDE}
		{4C8D7E57-7E50-4CA6-8110-43CB5CA8D61B} = {E7790A76-D72A-43D6-AE89-FD0052B5F83B}
		{2A05788F-1A4D-4BAA-8AF9-AFF561D1EE97} = {262C8092-2CB0-4529-BBDA-A7041653CBC8}
		{5863AF86-7E61-45F9-82CA-92360D965270} = {1CCE964D-DCD7-4634-A433-C39D80B076B3}
	EndGlobalSection
	GlobalSection(ExtensibilityGlobals) = postSolution
		SolutionGuid = {6F5B9424-C582-48AE-A178-AAA4E50B6DBD}
	EndGlobalSection
EndGlobal
